// !$*UTF8*$!
{
	archiveVersion = 1;
	classes = {
	};
	objectVersion = 50;
	objects = {

/* Begin PBXBuildFile section */
		D0C6B9652083083D00961417 /* main.cpp in Sources */ = {isa = PBXBuildFile; fileRef = D0C6B9642083083D00961417 /* main.cpp */; };
		D0C6B96D208309A500961417 /* enemy.cpp in Sources */ = {isa = PBXBuildFile; fileRef = D0C6B96B208309A500961417 /* enemy.cpp */; };
		D0C6B97020830D0A00961417 /* board.cpp in Sources */ = {isa = PBXBuildFile; fileRef = D0C6B96E20830D0A00961417 /* board.cpp */; };
		D0C6B9882088505900961417 /* human.cpp in Sources */ = {isa = PBXBuildFile; fileRef = D0C6B9862088505900961417 /* human.cpp */; };
		D0C6B98E2088635800961417 /* boardHelper.cpp in Sources */ = {isa = PBXBuildFile; fileRef = D0C6B98C2088635800961417 /* boardHelper.cpp */; };
		D0C6B994208BF88F00961417 /* action.cpp in Sources */ = {isa = PBXBuildFile; fileRef = D0C6B992208BF88F00961417 /* action.cpp */; };
/* End PBXBuildFile section */

/* Begin PBXCopyFilesBuildPhase section */
		D0C6B95F2083083D00961417 /* CopyFiles */ = {
			isa = PBXCopyFilesBuildPhase;
			buildActionMask = 2147483647;
			dstPath = /usr/share/man/man1/;
			dstSubfolderSpec = 0;
			files = (
			);
			runOnlyForDeploymentPostprocessing = 1;
		};
/* End PBXCopyFilesBuildPhase section */

/* Begin PBXFileReference section */
		D0C6B9612083083D00961417 /* Final_Project */ = {isa = PBXFileReference; explicitFileType = "compiled.mach-o.executable"; includeInIndex = 0; path = Final_Project; sourceTree = BUILT_PRODUCTS_DIR; };
		D0C6B9642083083D00961417 /* main.cpp */ = {isa = PBXFileReference; lastKnownFileType = sourcecode.cpp.cpp; path = main.cpp; sourceTree = "<group>"; };
		D0C6B96B208309A500961417 /* enemy.cpp */ = {isa = PBXFileReference; lastKnownFileType = sourcecode.cpp.cpp; path = enemy.cpp; sourceTree = "<group>"; };
		D0C6B96C208309A500961417 /* enemy.hpp */ = {isa = PBXFileReference; lastKnownFileType = sourcecode.cpp.h; path = enemy.hpp; sourceTree = "<group>"; };
		D0C6B96E20830D0A00961417 /* board.cpp */ = {isa = PBXFileReference; lastKnownFileType = sourcecode.cpp.cpp; path = board.cpp; sourceTree = "<group>"; };
		D0C6B96F20830D0A00961417 /* board.hpp */ = {isa = PBXFileReference; lastKnownFileType = sourcecode.cpp.h; path = board.hpp; sourceTree = "<group>"; };
		D0C6B9862088505900961417 /* human.cpp */ = {isa = PBXFileReference; lastKnownFileType = sourcecode.cpp.cpp; path = human.cpp; sourceTree = "<group>"; };
		D0C6B9872088505900961417 /* human.hpp */ = {isa = PBXFileReference; lastKnownFileType = sourcecode.cpp.h; path = human.hpp; sourceTree = "<group>"; };
		D0C6B98C2088635800961417 /* boardHelper.cpp */ = {isa = PBXFileReference; lastKnownFileType = sourcecode.cpp.cpp; path = boardHelper.cpp; sourceTree = "<group>"; };
		D0C6B98D2088635800961417 /* boardHelper.hpp */ = {isa = PBXFileReference; lastKnownFileType = sourcecode.cpp.h; path = boardHelper.hpp; sourceTree = "<group>"; };
		D0C6B992208BF88F00961417 /* action.cpp */ = {isa = PBXFileReference; lastKnownFileType = sourcecode.cpp.cpp; path = action.cpp; sourceTree = "<group>"; };
		D0C6B993208BF88F00961417 /* action.hpp */ = {isa = PBXFileReference; lastKnownFileType = sourcecode.cpp.h; path = action.hpp; sourceTree = "<group>"; };
/* End PBXFileReference section */

/* Begin PBXFrameworksBuildPhase section */
		D0C6B95E2083083D00961417 /* Frameworks */ = {
			isa = PBXFrameworksBuildPhase;
			buildActionMask = 2147483647;
			files = (
			);
			runOnlyForDeploymentPostprocessing = 0;
		};
/* End PBXFrameworksBuildPhase section */

/* Begin PBXGroup section */
		D0C6B9582083083D00961417 = {
			isa = PBXGroup;
			children = (
				D0C6B9632083083D00961417 /* Final_Project */,
				D0C6B9622083083D00961417 /* Products */,
			);
			sourceTree = "<group>";
		};
		D0C6B9622083083D00961417 /* Products */ = {
			isa = PBXGroup;
			children = (
				D0C6B9612083083D00961417 /* Final_Project */,
			);
			name = Products;
			sourceTree = "<group>";
		};
		D0C6B9632083083D00961417 /* Final_Project */ = {
			isa = PBXGroup;
			children = (
				D0C6B9642083083D00961417 /* main.cpp */,
				D0C6B96E20830D0A00961417 /* board.cpp */,
				D0C6B96F20830D0A00961417 /* board.hpp */,
				D0C6B96B208309A500961417 /* enemy.cpp */,
				D0C6B96C208309A500961417 /* enemy.hpp */,
				D0C6B9862088505900961417 /* human.cpp */,
				D0C6B9872088505900961417 /* human.hpp */,
				D0C6B98C2088635800961417 /* boardHelper.cpp */,
				D0C6B98D2088635800961417 /* boardHelper.hpp */,
				D0C6B992208BF88F00961417 /* action.cpp */,
				D0C6B993208BF88F00961417 /* action.hpp */,
			);
			path = Final_Project;
			sourceTree = "<group>";
		};
/* End PBXGroup section */

/* Begin PBXNativeTarget section */
		D0C6B9602083083D00961417 /* Final_Project */ = {
			isa = PBXNativeTarget;
			buildConfigurationList = D0C6B9682083083D00961417 /* Build configuration list for PBXNativeTarget "Final_Project" */;
			buildPhases = (
				D0C6B95D2083083D00961417 /* Sources */,
				D0C6B95E2083083D00961417 /* Frameworks */,
				D0C6B95F2083083D00961417 /* CopyFiles */,
			);
			buildRules = (
			);
			dependencies = (
			);
			name = Final_Project;
			productName = Final_Project;
			productReference = D0C6B9612083083D00961417 /* Final_Project */;
			productType = "com.apple.product-type.tool";
		};
/* End PBXNativeTarget section */

/* Begin PBXProject section */
		D0C6B9592083083D00961417 /* Project object */ = {
			isa = PBXProject;
			attributes = {
				LastUpgradeCheck = 0930;
				ORGANIZATIONNAME = "Ivan Jorge";
				TargetAttributes = {
					D0C6B9602083083D00961417 = {
						CreatedOnToolsVersion = 9.3;
					};
				};
			};
			buildConfigurationList = D0C6B95C2083083D00961417 /* Build configuration list for PBXProject "Final_Project" */;
			compatibilityVersion = "Xcode 9.3";
			developmentRegion = en;
			hasScannedForEncodings = 0;
			knownRegions = (
				en,
			);
			mainGroup = D0C6B9582083083D00961417;
			productRefGroup = D0C6B9622083083D00961417 /* Products */;
			projectDirPath = "";
			projectRoot = "";
			targets = (
				D0C6B9602083083D00961417 /* Final_Project */,
			);
		};
/* End PBXProject section */

/* Begin PBXSourcesBuildPhase section */
		D0C6B95D2083083D00961417 /* Sources */ = {
			isa = PBXSourcesBuildPhase;
			buildActionMask = 2147483647;
			files = (
				D0C6B98E2088635800961417 /* boardHelper.cpp in Sources */,
				D0C6B994208BF88F00961417 /* action.cpp in Sources */,
				D0C6B96D208309A500961417 /* enemy.cpp in Sources */,
				D0C6B9652083083D00961417 /* main.cpp in Sources */,
				D0C6B97020830D0A00961417 /* board.cpp in Sources */,
				D0C6B9882088505900961417 /* human.cpp in Sources */,
			);
			runOnlyForDeploymentPostprocessing = 0;
		};
/* End PBXSourcesBuildPhase section */

/* Begin XCBuildConfiguration section */
		D0C6B9662083083D00961417 /* Debug */ = {
			isa = XCBuildConfiguration;
			buildSettings = {
				ALWAYS_SEARCH_USER_PATHS = NO;
				CLANG_ANALYZER_NONNULL = YES;
				CLANG_ANALYZER_NUMBER_OBJECT_CONVERSION = YES_AGGRESSIVE;
				CLANG_CXX_LANGUAGE_STANDARD = "gnu++14";
				CLANG_CXX_LIBRARY = "libc++";
				CLANG_ENABLE_MODULES = YES;
				CLANG_ENABLE_OBJC_ARC = YES;
				CLANG_ENABLE_OBJC_WEAK = YES;
				CLANG_WARN_BLOCK_CAPTURE_AUTORELEASING = YES;
				CLANG_WARN_BOOL_CONVERSION = YES;
				CLANG_WARN_COMMA = YES;
				CLANG_WARN_CONSTANT_CONVERSION = YES;
				CLANG_WARN_DEPRECATED_OBJC_IMPLEMENTATIONS = YES;
				CLANG_WARN_DIRECT_OBJC_ISA_USAGE = YES_ERROR;
				CLANG_WARN_DOCUMENTATION_COMMENTS = YES;
				CLANG_WARN_EMPTY_BODY = YES;
				CLANG_WARN_ENUM_CONVERSION = YES;
				CLANG_WARN_INFINITE_RECURSION = YES;
				CLANG_WARN_INT_CONVERSION = YES;
				CLANG_WARN_NON_LITERAL_NULL_CONVERSION = YES;
				CLANG_WARN_OBJC_IMPLICIT_RETAIN_SELF = YES;
				CLANG_WARN_OBJC_LITERAL_CONVERSION = YES;
				CLANG_WARN_OBJC_ROOT_CLASS = YES_ERROR;
				CLANG_WARN_RANGE_LOOP_ANALYSIS = YES;
				CLANG_WARN_STRICT_PROTOTYPES = YES;
				CLANG_WARN_SUSPICIOUS_MOVE = YES;
				CLANG_WARN_UNGUARDED_AVAILABILITY = YES_AGGRESSIVE;
				CLANG_WARN_UNREACHABLE_CODE = YES;
				CLANG_WARN__DUPLICATE_METHOD_MATCH = YES;
				CODE_SIGN_IDENTITY = "-";
				COPY_PHASE_STRIP = NO;
				DEBUG_INFORMATION_FORMAT = dwarf;
				ENABLE_STRICT_OBJC_MSGSEND = YES;
				ENABLE_TESTABILITY = YES;
				GCC_C_LANGUAGE_STANDARD = gnu11;
				GCC_DYNAMIC_NO_PIC = NO;
				GCC_NO_COMMON_BLOCKS = YES;
				GCC_OPTIMIZATION_LEVEL = 0;
				GCC_PREPROCESSOR_DEFINITIONS = (
					"DEBUG=1",
					"$(inherited)",
				);
				GCC_WARN_64_TO_32_BIT_CONVERSION = YES;
				GCC_WARN_ABOUT_RETURN_TYPE = YES_ERROR;
				GCC_WARN_UNDECLARED_SELECTOR = YES;
				GCC_WARN_UNINITIALIZED_AUTOS = YES_AGGRESSIVE;
				GCC_WARN_UNUSED_FUNCTION = YES;
				GCC_WARN_UNUSED_VARIABLE = YES;
				MACOSX_DEPLOYMENT_TARGET = 10.13;
				MTL_ENABLE_DEBUG_INFO = YES;
				ONLY_ACTIVE_ARCH = YES;
				SDKROOT = macosx;
			};
			name = Debug;
		};
		D0C6B9672083083D00961417 /* Release */ = {
			isa = XCBuildConfiguration;
			buildSettings = {
				ALWAYS_SEARCH_USER_PATHS = NO;
				CLANG_ANALYZER_NONNULL = YES;
				CLANG_ANALYZER_NUMBER_OBJECT_CONVERSION = YES_AGGRESSIVE;
				CLANG_CXX_LANGUAGE_STANDARD = "gnu++14";
				CLANG_CXX_LIBRARY = "libc++";
				CLANG_ENABLE_MODULES = YES;
				CLANG_ENABLE_OBJC_ARC = YES;
				CLANG_ENABLE_OBJC_WEAK = YES;
				CLANG_WARN_BLOCK_CAPTURE_AUTORELEASING = YES;
				CLANG_WARN_BOOL_CONVERSION = YES;
				CLANG_WARN_COMMA = YES;
				CLANG_WARN_CONSTANT_CONVERSION = YES;
				CLANG_WARN_DEPRECATED_OBJC_IMPLEMENTATIONS = YES;
				CLANG_WARN_DIRECT_OBJC_ISA_USAGE = YES_ERROR;
				CLANG_WARN_DOCUMENTATION_COMMENTS = YES;
				CLANG_WARN_EMPTY_BODY = YES;
				CLANG_WARN_ENUM_CONVERSION = YES;
				CLANG_WARN_INFINITE_RECURSION = YES;
				CLANG_WARN_INT_CONVERSION = YES;
				CLANG_WARN_NON_LITERAL_NULL_CONVERSION = YES;
				CLANG_WARN_OBJC_IMPLICIT_RETAIN_SELF = YES;
				CLANG_WARN_OBJC_LITERAL_CONVERSION = YES;
				CLANG_WARN_OBJC_ROOT_CLASS = YES_ERROR;
				CLANG_WARN_RANGE_LOOP_ANALYSIS = YES;
				CLANG_WARN_STRICT_PROTOTYPES = YES;
				CLANG_WARN_SUSPICIOUS_MOVE = YES;
				CLANG_WARN_UNGUARDED_AVAILABILITY = YES_AGGRESSIVE;
				CLANG_WARN_UNREACHABLE_CODE = YES;
				CLANG_WARN__DUPLICATE_METHOD_MATCH = YES;
				CODE_SIGN_IDENTITY = "-";
				COPY_PHASE_STRIP = NO;
				DEBUG_INFORMATION_FORMAT = "dwarf-with-dsym";
				ENABLE_NS_ASSERTIONS = NO;
				ENABLE_STRICT_OBJC_MSGSEND = YES;
				GCC_C_LANGUAGE_STANDARD = gnu11;
				GCC_NO_COMMON_BLOCKS = YES;
				GCC_WARN_64_TO_32_BIT_CONVERSION = YES;
				GCC_WARN_ABOUT_RETURN_TYPE = YES_ERROR;
				GCC_WARN_UNDECLARED_SELECTOR = YES;
				GCC_WARN_UNINITIALIZED_AUTOS = YES_AGGRESSIVE;
				GCC_WARN_UNUSED_FUNCTION = YES;
				GCC_WARN_UNUSED_VARIABLE = YES;
				MACOSX_DEPLOYMENT_TARGET = 10.13;
				MTL_ENABLE_DEBUG_INFO = NO;
				SDKROOT = macosx;
			};
			name = Release;
		};
		D0C6B9692083083D00961417 /* Debug */ = {
			isa = XCBuildConfiguration;
			buildSettings = {
				CODE_SIGN_STYLE = Automatic;
				PRODUCT_NAME = "$(TARGET_NAME)";
			};
			name = Debug;
		};
		D0C6B96A2083083D00961417 /* Release */ = {
			isa = XCBuildConfiguration;
			buildSettings = {
				CODE_SIGN_STYLE = Automatic;
				PRODUCT_NAME = "$(TARGET_NAME)";
			};
			name = Release;
		};
/* End XCBuildConfiguration section */

/* Begin XCConfigurationList section */
		D0C6B95C2083083D00961417 /* Build configuration list for PBXProject "Final_Project" */ = {
			isa = XCConfigurationList;
			buildConfigurations = (
				D0C6B9662083083D00961417 /* Debug */,
				D0C6B9672083083D00961417 /* Release */,
			);
			defaultConfigurationIsVisible = 0;
			defaultConfigurationName = Release;
		};
		D0C6B9682083083D00961417 /* Build configuration list for PBXNativeTarget "Final_Project" */ = {
			isa = XCConfigurationList;
			buildConfigurations = (
				D0C6B9692083083D00961417 /* Debug */,
				D0C6B96A2083083D00961417 /* Release */,
			);
			defaultConfigurationIsVisible = 0;
			defaultConfigurationName = Release;
		};
/* End XCConfigurationList section */
	};
	rootObject = D0C6B9592083083D00961417 /* Project object */;
}
